
Microsoft Visual Studio Solution File, Format Version 12.00
# Visual Studio Version 17
VisualStudioVersion = 17.2.32519.379
MinimumVisualStudioVersion = 10.0.40219.1
Project("{FAE04EC0-301F-11D3-BF4B-00C04F79EFBC}") = "folderLocker", "folderLocker\folderLocker.csproj", "{8DBFDDAD-8071-429F-BB50-B64163592C21}"
EndProject
Project("{FAE04EC0-301F-11D3-BF4B-00C04F79EFBC}") = "DBUtility", "DBUtility\DBUtility.csproj", "{98DFB4F9-E9B0-4D8B-B23A-AE847FD92233}"
EndProject
Global
	GlobalSection(SolutionConfigurationPlatforms) = preSolution
		Debug|Any CPU = Debug|Any CPU
		Debug|x64 = Debug|x64
		Release|Any CPU = Release|Any CPU
		Release|x64 = Release|x64
	EndGlobalSection
	GlobalSection(ProjectConfigurationPlatforms) = postSolution
		{8DBFDDAD-8071-429F-BB50-B64163592C21}.Debug|Any CPU.ActiveCfg = Debug|Any CPU
		{8DBFDDAD-8071-429F-BB50-B64163592C21}.Debug|Any CPU.Build.0 = Debug|Any CPU
		{8DBFDDAD-8071-429F-BB50-B64163592C21}.Debug|x64.ActiveCfg = Debug|Any CPU
		{8DBFDDAD-8071-429F-BB50-B64163592C21}.Debug|x64.Build.0 = Debug|Any CPU
		{8DBFDDAD-8071-429F-BB50-B64163592C21}.Release|Any CPU.ActiveCfg = Release|Any CPU
		{8DBFDDAD-8071-429F-BB50-B64163592C21}.Release|Any CPU.Build.0 = Release|Any CPU
		{8DBFDDAD-8071-429F-BB50-B64163592C21}.Release|x64.ActiveCfg = Release|Any CPU
		{8DBFDDAD-8071-429F-BB50-B64163592C21}.Release|x64.Build.0 = Release|Any CPU
		{98DFB4F9-E9B0-4D8B-B23A-AE847FD92233}.Debug|Any CPU.ActiveCfg = Debug|Any CPU
		{98DFB4F9-E9B0-4D8B-B23A-AE847FD92233}.Debug|Any CPU.Build.0 = Debug|Any CPU
		{98DFB4F9-E9B0-4D8B-B23A-AE847FD92233}.Debug|x64.ActiveCfg = Debug|x64
		{98DFB4F9-E9B0-4D8B-B23A-AE847FD92233}.Debug|x64.Build.0 = Debug|x64
		{98DFB4F9-E9B0-4D8B-B23A-AE847FD92233}.Release|Any CPU.ActiveCfg = Release|Any CPU
		{98DFB4F9-E9B0-4D8B-B23A-AE847FD92233}.Release|Any CPU.Build.0 = Release|Any CPU
		{98DFB4F9-E9B0-4D8B-B23A-AE847FD92233}.Release|x64.ActiveCfg = Release|Any CPU
		{98DFB4F9-E9B0-4D8B-B23A-AE847FD92233}.Release|x64.Build.0 = Release|Any CPU
	EndGlobalSection
	GlobalSection(SolutionProperties) = preSolution
		HideSolutionNode = FALSE
	EndGlobalSection
	GlobalSection(ExtensibilityGlobals) = postSolution
		SolutionGuid = {1FAB401C-2247-4256-AD2A-84F52884592B}
	EndGlobalSection
EndGlobal
